{
  "name": "ola",
  "version": "1.0.0",
  "lockfileVersion": 2,
  "requires": true,
  "packages": {
    "": {
      "name": "ola",
      "version": "1.0.0",
      "license": "ISC",
      "dependencies": {
        "commander": "^11.0.0",
        "dotenv": "^16.3.1"
      },
      "bin": {
        "ola": "src/index.js"
      }
    },
    "node_modules/commander": {
      "version": "11.0.0",
      "resolved": "https://registry.npmjs.org/commander/-/commander-11.0.0.tgz",
      "integrity": "sha512-9HMlXtt/BNoYr8ooyjjNRdIilOTkVJXB+GhxMTtOKwk0R4j4lS4NpjuqmRxroBfnfTSHQIHQB7wryHhXarNjmQ==",
      "engines": {
        "node": ">=16"
      }
    },
    "node_modules/dotenv": {
      "version": "16.3.1",
      "resolved": "https://registry.npmjs.org/dotenv/-/dotenv-16.3.1.tgz",
      "integrity": "sha512-IPzF4w4/Rd94bA9imS68tZBaYyBWSCE47V1RGuMrB94iyTOIEwRmVL2x/4An+6mETpLrKJ5hQkB8W4kFAadeIQ==",
      "engines": {
        "node": ">=12"
      },
      "funding": {
        "url": "https://github.com/motdotla/dotenv?sponsor=1"
      }
    }
  },
  "dependencies": {
    "commander": {
      "version": "11.0.0",
      "resolved": "https://registry.npmjs.org/commander/-/commander-11.0.0.tgz",
      "integrity": "sha512-9HMlXtt/BNoYr8ooyjjNRdIilOTkVJXB+GhxMTtOKwk0R4j4lS4NpjuqmRxroBfnfTSHQIHQB7wryHhXarNjmQ=="
    },
    "dotenv": {
      "version": "16.3.1",
      "resolved": "https://registry.npmjs.org/dotenv/-/dotenv-16.3.1.tgz",
      "integrity": "sha512-IPzF4w4/Rd94bA9imS68tZBaYyBWSCE47V1RGuMrB94iyTOIEwRmVL2x/4An+6mETpLrKJ5hQkB8W4kFAadeIQ=="
    }
  }
}
